version = 1
revision = 3
requires-python = ">=3.13"

[[package]]
name = "charset-normalizer"
version = "3.4.4"
source = { registry = "https://pypi.org/simple" }
sdist = { url = "https://files.pythonhosted.org/packages/13/69/33ddede1939fdd074bce5434295f38fae7136463422fe4fd3e0e89b98062/charset_normalizer-3.4.4.tar.gz", hash = "sha256:94537985111c35f28720e43603b8e7b43a6ecfb2ce1d3058bbe955b73404e21a", size = 129418, upload-time = "2025-10-14T04:42:32.879Z" }
wheels = [
    { url = "https://files.pythonhosted.org/packages/97/45/4b3a1239bbacd321068ea6e7ac28875b03ab8bc0aa0966452db17cd36714/charset_normalizer-3.4.4-cp313-cp313-macosx_10_13_universal2.whl", hash = "sha256:e1f185f86a6f3403aa2420e815904c67b2f9ebc443f045edd0de921108345794", size = 208091, upload-time = "2025-10-14T04:41:13.346Z" },
    { url = "https://files.pythonhosted.org/packages/7d/62/73a6d7450829655a35bb88a88fca7d736f9882a27eacdca2c6d505b57e2e/charset_normalizer-3.4.4-cp313-cp313-manylinux2014_aarch64.manylinux_2_17_aarch64.manylinux_2_28_aarch64.whl", hash = "sha256:6b39f987ae8ccdf0d2642338faf2abb1862340facc796048b604ef14919e55ed", size = 147936, upload-time = "2025-10-14T04:41:14.461Z" },
    { url = "https://files.pythonhosted.org/packages/89/c5/adb8c8b3d6625bef6d88b251bbb0d95f8205831b987631ab0c8bb5d937c2/charset_normalizer-3.4.4-cp313-cp313-manylinux2014_armv7l.manylinux_2_17_armv7l.manylinux_2_31_armv7l.whl", hash = "sha256:3162d5d8ce1bb98dd51af660f2121c55d0fa541b46dff7bb9b9f86ea1d87de72", size = 144180, upload-time = "2025-10-14T04:41:15.588Z" },
    { url = "https://files.pythonhosted.org/packages/91/ed/9706e4070682d1cc219050b6048bfd293ccf67b3d4f5a4f39207453d4b99/charset_normalizer-3.4.4-cp313-cp313-manylinux2014_ppc64le.manylinux_2_17_ppc64le.manylinux_2_28_ppc64le.whl", hash = "sha256:81d5eb2a312700f4ecaa977a8235b634ce853200e828fbadf3a9c50bab278328", size = 161346, upload-time = "2025-10-14T04:41:16.738Z" },
    { url = "https://files.pythonhosted.org/packages/d5/0d/031f0d95e4972901a2f6f09ef055751805ff541511dc1252ba3ca1f80cf5/charset_normalizer-3.4.4-cp313-cp313-manylinux2014_s390x.manylinux_2_17_s390x.manylinux_2_28_s390x.whl", hash = "sha256:5bd2293095d766545ec1a8f612559f6b40abc0eb18bb2f5d1171872d34036ede", size = 158874, upload-time = "2025-10-14T04:41:17.923Z" },
    { url = "https://files.pythonhosted.org/packages/f5/83/6ab5883f57c9c801ce5e5677242328aa45592be8a00644310a008d04f922/charset_normalizer-3.4.4-cp313-cp313-manylinux2014_x86_64.manylinux_2_17_x86_64.manylinux_2_28_x86_64.whl", hash = "sha256:a8a8b89589086a25749f471e6a900d3f662d1d3b6e2e59dcecf787b1cc3a1894", size = 153076, upload-time = "2025-10-14T04:41:19.106Z" },
    { url = "https://files.pythonhosted.org/packages/75/1e/5ff781ddf5260e387d6419959ee89ef13878229732732ee73cdae01800f2/charset_normalizer-3.4.4-cp313-cp313-manylinux_2_31_riscv64.manylinux_2_39_riscv64.whl", hash = "sha256:bc7637e2f80d8530ee4a78e878bce464f70087ce73cf7c1caf142416923b98f1", size = 150601, upload-time = "2025-10-14T04:41:20.245Z" },
    { url = "https://files.pythonhosted.org/packages/d7/57/71be810965493d3510a6ca79b90c19e48696fb1ff964da319334b12677f0/charset_normalizer-3.4.4-cp313-cp313-musllinux_1_2_aarch64.whl", hash = "sha256:f8bf04158c6b607d747e93949aa60618b61312fe647a6369f88ce2ff16043490", size = 150376, upload-time = "2025-10-14T04:41:21.398Z" },
    { url = "https://files.pythonhosted.org/packages/e5/d5/c3d057a78c181d007014feb7e9f2e65905a6c4ef182c0ddf0de2924edd65/charset_normalizer-3.4.4-cp313-cp313-musllinux_1_2_armv7l.whl", hash = "sha256:554af85e960429cf30784dd47447d5125aaa3b99a6f0683589dbd27e2f45da44", size = 144825, upload-time = "2025-10-14T04:41:22.583Z" },
    { url = "https://files.pythonhosted.org/packages/e6/8c/d0406294828d4976f275ffbe66f00266c4b3136b7506941d87c00cab5272/charset_normalizer-3.4.4-cp313-cp313-musllinux_1_2_ppc64le.whl", hash = "sha256:74018750915ee7ad843a774364e13a3db91682f26142baddf775342c3f5b1133", size = 162583, upload-time = "2025-10-14T04:41:23.754Z" },
    { url = "https://files.pythonhosted.org/packages/d7/24/e2aa1f18c8f15c4c0e932d9287b8609dd30ad56dbe41d926bd846e22fb8d/charset_normalizer-3.4.4-cp313-cp313-musllinux_1_2_riscv64.whl", hash = "sha256:c0463276121fdee9c49b98908b3a89c39be45d86d1dbaa22957e38f6321d4ce3", size = 150366, upload-time = "2025-10-14T04:41:25.27Z" },
    { url = "https://files.pythonhosted.org/packages/e4/5b/1e6160c7739aad1e2df054300cc618b06bf784a7a164b0f238360721ab86/charset_normalizer-3.4.4-cp313-cp313-musllinux_1_2_s390x.whl", hash = "sha256:362d61fd13843997c1c446760ef36f240cf81d3ebf74ac62652aebaf7838561e", size = 160300, upload-time = "2025-10-14T04:41:26.725Z" },
    { url = "https://files.pythonhosted.org/packages/7a/10/f882167cd207fbdd743e55534d5d9620e095089d176d55cb22d5322f2afd/charset_normalizer-3.4.4-cp313-cp313-musllinux_1_2_x86_64.whl", hash = "sha256:9a26f18905b8dd5d685d6d07b0cdf98a79f3c7a918906af7cc143ea2e164c8bc", size = 154465, upload-time = "2025-10-14T04:41:28.322Z" },
    { url = "https://files.pythonhosted.org/packages/89/66/c7a9e1b7429be72123441bfdbaf2bc13faab3f90b933f664db506dea5915/charset_normalizer-3.4.4-cp313-cp313-win32.whl", hash = "sha256:9b35f4c90079ff2e2edc5b26c0c77925e5d2d255c42c74fdb70fb49b172726ac", size = 99404, upload-time = "2025-10-14T04:41:29.95Z" },
    { url = "https://files.pythonhosted.org/packages/c4/26/b9924fa27db384bdcd97ab83b4f0a8058d96ad9626ead570674d5e737d90/charset_normalizer-3.4.4-cp313-cp313-win_amd64.whl", hash = "sha256:b435cba5f4f750aa6c0a0d92c541fb79f69a387c91e61f1795227e4ed9cece14", size = 107092, upload-time = "2025-10-14T04:41:31.188Z" },
    { url = "https://files.pythonhosted.org/packages/af/8f/3ed4bfa0c0c72a7ca17f0380cd9e4dd842b09f664e780c13cff1dcf2ef1b/charset_normalizer-3.4.4-cp313-cp313-win_arm64.whl", hash = "sha256:542d2cee80be6f80247095cc36c418f7bddd14f4a6de45af91dfad36d817bba2", size = 100408, upload-time = "2025-10-14T04:41:32.624Z" },
    { url = "https://files.pythonhosted.org/packages/2a/35/7051599bd493e62411d6ede36fd5af83a38f37c4767b92884df7301db25d/charset_normalizer-3.4.4-cp314-cp314-macosx_10_13_universal2.whl", hash = "sha256:da3326d9e65ef63a817ecbcc0df6e94463713b754fe293eaa03da99befb9a5bd", size = 207746, upload-time = "2025-10-14T04:41:33.773Z" },
    { url = "https://files.pythonhosted.org/packages/10/9a/97c8d48ef10d6cd4fcead2415523221624bf58bcf68a802721a6bc807c8f/charset_normalizer-3.4.4-cp314-cp314-manylinux2014_aarch64.manylinux_2_17_aarch64.manylinux_2_28_aarch64.whl", hash = "sha256:8af65f14dc14a79b924524b1e7fffe304517b2bff5a58bf64f30b98bbc5079eb", size = 147889, upload-time = "2025-10-14T04:41:34.897Z" },
    { url = "https://files.pythonhosted.org/packages/10/bf/979224a919a1b606c82bd2c5fa49b5c6d5727aa47b4312bb27b1734f53cd/charset_normalizer-3.4.4-cp314-cp314-manylinux2014_armv7l.manylinux_2_17_armv7l.manylinux_2_31_armv7l.whl", hash = "sha256:74664978bb272435107de04e36db5a9735e78232b85b77d45cfb38f758efd33e", size = 143641, upload-time = "2025-10-14T04:41:36.116Z" },
    { url = "https://files.pythonhosted.org/packages/ba/33/0ad65587441fc730dc7bd90e9716b30b4702dc7b617e6ba4997dc8651495/charset_normalizer-3.4.4-cp314-cp314-manylinux2014_ppc64le.manylinux_2_17_ppc64le.manylinux_2_28_ppc64le.whl", hash = "sha256:752944c7ffbfdd10c074dc58ec2d5a8a4cd9493b314d367c14d24c17684ddd14", size = 160779, upload-time = "2025-10-14T04:41:37.229Z" },
    { url = "https://files.pythonhosted.org/packages/67/ed/331d6b249259ee71ddea93f6f2f0a56cfebd46938bde6fcc6f7b9a3d0e09/charset_normalizer-3.4.4-cp314-cp314-manylinux2014_s390x.manylinux_2_17_s390x.manylinux_2_28_s390x.whl", hash = "sha256:d1f13550535ad8cff21b8d757a3257963e951d96e20ec82ab44bc64aeb62a191", size = 159035, upload-time = "2025-10-14T04:41:38.368Z" },
    { url = "https://files.pythonhosted.org/packages/67/ff/f6b948ca32e4f2a4576aa129d8bed61f2e0543bf9f5f2b7fc3758ed005c9/charset_normalizer-3.4.4-cp314-cp314-manylinux2014_x86_64.manylinux_2_17_x86_64.manylinux_2_28_x86_64.whl", hash = "sha256:ecaae4149d99b1c9e7b88bb03e3221956f68fd6d50be2ef061b2381b61d20838", size = 152542, upload-time = "2025-10-14T04:41:39.862Z" },
    { url = "https://files.pythonhosted.org/packages/16/85/276033dcbcc369eb176594de22728541a925b2632f9716428c851b149e83/charset_normalizer-3.4.4-cp314-cp314-manylinux_2_31_riscv64.manylinux_2_39_riscv64.whl", hash = "sha256:cb6254dc36b47a990e59e1068afacdcd02958bdcce30bb50cc1700a8b9d624a6", size = 149524, upload-time = "2025-10-14T04:41:41.319Z" },
    { url = "https://files.pythonhosted.org/packages/9e/f2/6a2a1f722b6aba37050e626530a46a68f74e63683947a8acff92569f979a/charset_normalizer-3.4.4-cp314-cp314-musllinux_1_2_aarch64.whl", hash = "sha256:c8ae8a0f02f57a6e61203a31428fa1d677cbe50c93622b4149d5c0f319c1d19e", size = 150395, upload-time = "2025-10-14T04:41:42.539Z" },
    { url = "https://files.pythonhosted.org/packages/60/bb/2186cb2f2bbaea6338cad15ce23a67f9b0672929744381e28b0592676824/charset_normalizer-3.4.4-cp314-cp314-musllinux_1_2_armv7l.whl", hash = "sha256:47cc91b2f4dd2833fddaedd2893006b0106129d4b94fdb6af1f4ce5a9965577c", size = 143680, upload-time = "2025-10-14T04:41:43.661Z" },
    { url = "https://files.pythonhosted.org/packages/7d/a5/bf6f13b772fbb2a90360eb620d52ed8f796f3c5caee8398c3b2eb7b1c60d/charset_normalizer-3.4.4-cp314-cp314-musllinux_1_2_ppc64le.whl", hash = "sha256:82004af6c302b5d3ab2cfc4cc5f29db16123b1a8417f2e25f9066f91d4411090", size = 162045, upload-time = "2025-10-14T04:41:44.821Z" },
    { url = "https://files.pythonhosted.org/packages/df/c5/d1be898bf0dc3ef9030c3825e5d3b83f2c528d207d246cbabe245966808d/charset_normalizer-3.4.4-cp314-cp314-musllinux_1_2_riscv64.whl", hash = "sha256:2b7d8f6c26245217bd2ad053761201e9f9680f8ce52f0fcd8d0755aeae5b2152", size = 149687, upload-time = "2025-10-14T04:41:46.442Z" },
    { url = "https://files.pythonhosted.org/packages/a5/42/90c1f7b9341eef50c8a1cb3f098ac43b0508413f33affd762855f67a410e/charset_normalizer-3.4.4-cp314-cp314-musllinux_1_2_s390x.whl", hash = "sha256:799a7a5e4fb2d5898c60b640fd4981d6a25f1c11790935a44ce38c54e985f828", size = 160014, upload-time = "2025-10-14T04:41:47.631Z" },
    { url = "https://files.pythonhosted.org/packages/76/be/4d3ee471e8145d12795ab655ece37baed0929462a86e72372fd25859047c/charset_normalizer-3.4.4-cp314-cp314-musllinux_1_2_x86_64.whl", hash = "sha256:99ae2cffebb06e6c22bdc25801d7b30f503cc87dbd283479e7b606f70aff57ec", size = 154044, upload-time = "2025-10-14T04:41:48.81Z" },
    { url = "https://files.pythonhosted.org/packages/b0/6f/8f7af07237c34a1defe7defc565a9bc1807762f672c0fde711a4b22bf9c0/charset_normalizer-3.4.4-cp314-cp314-win32.whl", hash = "sha256:f9d332f8c2a2fcbffe1378594431458ddbef721c1769d78e2cbc06280d8155f9", size = 99940, upload-time = "2025-10-14T04:41:49.946Z" },
    { url = "https://files.pythonhosted.org/packages/4b/51/8ade005e5ca5b0d80fb4aff72a3775b325bdc3d27408c8113811a7cbe640/charset_normalizer-3.4.4-cp314-cp314-win_amd64.whl", hash = "sha256:8a6562c3700cce886c5be75ade4a5db4214fda19fede41d9792d100288d8f94c", size = 107104, upload-time = "2025-10-14T04:41:51.051Z" },
    { url = "https://files.pythonhosted.org/packages/da/5f/6b8f83a55bb8278772c5ae54a577f3099025f9ade59d0136ac24a0df4bde/charset_normalizer-3.4.4-cp314-cp314-win_arm64.whl", hash = "sha256:de00632ca48df9daf77a2c65a484531649261ec9f25489917f09e455cb09ddb2", size = 100743, upload-time = "2025-10-14T04:41:52.122Z" },
    { url = "https://files.pythonhosted.org/packages/0a/4c/925909008ed5a988ccbb72dcc897407e5d6d3bd72410d69e051fc0c14647/charset_normalizer-3.4.4-py3-none-any.whl", hash = "sha256:7a32c560861a02ff789ad905a2fe94e3f840803362c84fecf1851cb4cf3dc37f", size = 53402, upload-time = "2025-10-14T04:42:31.76Z" },
]

[[package]]
name = "gh-readme"
version = "0.1.0"
source = { editable = "." }
dependencies = [
    { name = "niquests" },
]

[package.metadata]
requires-dist = [{ name = "niquests", specifier = ">=3.15.2" }]

[[package]]
name = "h11"
version = "0.16.0"
source = { registry = "https://pypi.org/simple" }
sdist = { url = "https://files.pythonhosted.org/packages/01/ee/02a2c011bdab74c6fb3c75474d40b3052059d95df7e73351460c8588d963/h11-0.16.0.tar.gz", hash = "sha256:4e35b956cf45792e4caa5885e69fba00bdbc6ffafbfa020300e549b208ee5ff1", size = 101250, upload-time = "2025-04-24T03:35:25.427Z" }
wheels = [
    { url = "https://files.pythonhosted.org/packages/04/4b/29cac41a4d98d144bf5f6d33995617b185d14b22401f75ca86f384e87ff1/h11-0.16.0-py3-none-any.whl", hash = "sha256:63cf8bbe7522de3bf65932fda1d9c2772064ffb3dae62d55932da54b31cb6c86", size = 37515, upload-time = "2025-04-24T03:35:24.344Z" },
]

[[package]]
name = "jh2"
version = "5.0.10"
source = { registry = "https://pypi.org/simple" }
sdist = { url = "https://files.pythonhosted.org/packages/1b/ed/466eb2a162d9cfaa8452e9a05d24b4fc11d4cf84cf27f5a71457dc590323/jh2-5.0.10.tar.gz", hash = "sha256:2c737a47bee50dc727f7a766185e110befdceba5efb1c4fa240b1e4399291487", size = 7301475, upload-time = "2025-10-05T06:18:59.414Z" }
wheels = [
    { url = "https://files.pythonhosted.org/packages/46/88/91e402bd0e323f3c7895d8eb6e79efe7d94bf40e035f6abcd9da0a08325c/jh2-5.0.10-cp313-cp313t-macosx_10_12_x86_64.macosx_11_0_arm64.macosx_10_12_universal2.whl", hash = "sha256:5a6885a315bdd24d822873d5e581eac90ab25589fb48d34f822352710139439a", size = 603894, upload-time = "2025-10-05T06:16:22.199Z" },
    { url = "https://files.pythonhosted.org/packages/3e/52/cdf454b01bdf7432848f7576b6054826fc65d77062324164995ff77a813d/jh2-5.0.10-cp313-cp313t-manylinux_2_17_aarch64.manylinux2014_aarch64.whl", hash = "sha256:0fa031e2aba9bd4cf6e1c0514764781b907557484cf163f02f1ad65a5932faf2", size = 378697, upload-time = "2025-10-05T06:16:24.128Z" },
    { url = "https://files.pythonhosted.org/packages/8e/dd/6e7106bc020e9fc13a70476c95cd4b40d2d301ef1c5ff7cd093adeec2143/jh2-5.0.10-cp313-cp313t-manylinux_2_17_armv7l.manylinux2014_armv7l.whl", hash = "sha256:c816cfe85ae5d4fb26efc2713aedf9dfe1bb826544fe76cfd35ce7a60e099e8f", size = 390293, upload-time = "2025-10-05T06:16:25.723Z" },
    { url = "https://files.pythonhosted.org/packages/88/94/e64d83f8d2f5b7490e32d12f0ba3835b45b19d14af72ea592aacfb65592e/jh2-5.0.10-cp313-cp313t-manylinux_2_17_ppc64.manylinux2014_ppc64.whl", hash = "sha256:b28c70b440f32bb8f14c3adaa11c094ea109fc1d2540434a8fc6e08cf4cf1aef", size = 524781, upload-time = "2025-10-05T06:16:27.382Z" },
    { url = "https://files.pythonhosted.org/packages/25/72/a2c72aff206bc27f3373982d318f305d31aca62dd5daa0c4e50c528208bb/jh2-5.0.10-cp313-cp313t-manylinux_2_17_ppc64le.manylinux2014_ppc64le.whl", hash = "sha256:df79bdf69d33ec0093c63abb633a6cbdb4b905a5ea3dda2514c4adf7e5713d20", size = 518173, upload-time = "2025-10-05T06:16:29.029Z" },
    { url = "https://files.pythonhosted.org/packages/26/27/e41b23fa62a0bbbf87cefdecbd938056a44b9c47a454a11edd760b92a9b3/jh2-5.0.10-cp313-cp313t-manylinux_2_17_s390x.manylinux2014_s390x.whl", hash = "sha256:28c0b7cda4b50692e2f259382fc2a374cd9118a96f8d369ef04fe088124f84fc", size = 409290, upload-time = "2025-10-05T06:16:30.628Z" },
    { url = "https://files.pythonhosted.org/packages/8d/ed/516bdea8ff60bb321b92bac7d3b99a8aee322495e8b4dccc5b42eeede0b7/jh2-5.0.10-cp313-cp313t-manylinux_2_17_x86_64.manylinux2014_x86_64.whl", hash = "sha256:1ffeb6a352ce6c89d77bd185972185f20e3c35b3be4d0253963b6d8b6444c4aa", size = 386155, upload-time = "2025-10-05T06:16:31.898Z" },
    { url = "https://files.pythonhosted.org/packages/12/18/057408a548a66eb069c2fa12bfd13c1e34eaae07603f40ce32743ce0faa6/jh2-5.0.10-cp313-cp313t-manylinux_2_5_i686.manylinux1_i686.whl", hash = "sha256:271720035a1293031c807e24a27235a2426c51de8755db872eb1adad310213cd", size = 403861, upload-time = "2025-10-05T06:16:33.036Z" },
    { url = "https://files.pythonhosted.org/packages/3d/70/73d22e62af0e756cb3b86ee57b67b117efe75091d56ff286bf136adde863/jh2-5.0.10-cp313-cp313t-musllinux_1_1_aarch64.whl", hash = "sha256:7b28fc12106654573881f19b1a78e41cf37657ae76efa84e7da518faced56f0f", size = 559909, upload-time = "2025-10-05T06:16:34.262Z" },
    { url = "https://files.pythonhosted.org/packages/66/fa/5d5e4304ecfa27773bbe036454b782882fc2ab02f7521ae0d367514c7618/jh2-5.0.10-cp313-cp313t-musllinux_1_1_armv7l.whl", hash = "sha256:976134b61b7fdf290a7cc70e7676c2605af84dd83e2a1e78c170928a0119278b", size = 653300, upload-time = "2025-10-05T06:16:35.825Z" },
    { url = "https://files.pythonhosted.org/packages/dc/b4/31583a8bcbe58ee13b30bdf9d82ca52a3272a13c45384bf8e193a2e4541f/jh2-5.0.10-cp313-cp313t-musllinux_1_1_i686.whl", hash = "sha256:75581b5acbcc344e070f811938919165999bf7221406845306e0ab860605cdbf", size = 580061, upload-time = "2025-10-05T06:16:37.598Z" },
    { url = "https://files.pythonhosted.org/packages/66/3e/ffcc082b72c7f83512cc1dbda866afa5c0dbd76c423e6f0294496744af27/jh2-5.0.10-cp313-cp313t-musllinux_1_1_x86_64.whl", hash = "sha256:206e4a92c687f6928b3846d7666ebf2602c16556feb154f16f1d399219046f5d", size = 550849, upload-time = "2025-10-05T06:16:38.887Z" },
    { url = "https://files.pythonhosted.org/packages/19/da/01f0df3a779d0d2e8b7ce121da48b1a91346264fd494c0be16a74e5c1c4f/jh2-5.0.10-cp313-cp313t-win32.whl", hash = "sha256:fca31a36827205c76c959be94e8bad7aaa1be06ea8ed904b20b5d96a7829ce45", size = 234414, upload-time = "2025-10-05T06:16:40.509Z" },
    { url = "https://files.pythonhosted.org/packages/82/c1/42a68cbe4c6ee9453d3685bd4ebce8e3bccbda608b3c26f380cf30640825/jh2-5.0.10-cp313-cp313t-win_amd64.whl", hash = "sha256:4bbefb69efaa365f3193d0db096d34e9e0da5885b0bb1341ab7593852e811f69", size = 241768, upload-time = "2025-10-05T06:16:41.701Z" },
    { url = "https://files.pythonhosted.org/packages/10/14/4d89e958e2a98ee09895290a105caee5cd158fb456fc9aae913f15251184/jh2-5.0.10-cp313-cp313t-win_arm64.whl", hash = "sha256:9752ea045ab3da4544104201a800d3f7ce7c63b529db5a9715c587cbfedca9b7", size = 237090, upload-time = "2025-10-05T06:16:43.228Z" },
    { url = "https://files.pythonhosted.org/packages/62/2d/d1d5161adadacd04afb98016c86ca3c429e89ec5e46a93c1f9bd613d9e2e/jh2-5.0.10-cp314-cp314t-macosx_10_12_x86_64.macosx_11_0_arm64.macosx_10_12_universal2.whl", hash = "sha256:e340215fa14b914096aa2e0960798603939f6bc85e9467057121c3aae4eadda1", size = 603721, upload-time = "2025-10-05T06:16:44.48Z" },
    { url = "https://files.pythonhosted.org/packages/77/88/06dd26cfd8e47f8b573af4be09161d0b0b3a26357cb5224da4ceebbb9d11/jh2-5.0.10-cp314-cp314t-manylinux_2_17_aarch64.manylinux2014_aarch64.whl", hash = "sha256:6124124ea77ba77b22cb1f66554eddd61b14a2ce0bb2bc2032d91c3a2b9cbfed", size = 379003, upload-time = "2025-10-05T06:16:46.185Z" },
    { url = "https://files.pythonhosted.org/packages/d6/37/e6abb173b034151eca851ad18908f97cb984bf657c744a4ee72bd4836862/jh2-5.0.10-cp314-cp314t-manylinux_2_17_armv7l.manylinux2014_armv7l.whl", hash = "sha256:db95f18b629f5dc914cf962725b7dfcb9673c4bb06e50d654426615c3d8d88d2", size = 389806, upload-time = "2025-10-05T06:16:47.759Z" },
    { url = "https://files.pythonhosted.org/packages/bd/aa/158f6ebafac187f80837d024b864e547ffe4a0ffa4df368c6b5d1dd20f49/jh2-5.0.10-cp314-cp314t-manylinux_2_17_ppc64.manylinux2014_ppc64.whl", hash = "sha256:c16af652777ce4edc0627d037ac5195b921665b2e13e3547782116ce5a62cd5a", size = 528227, upload-time = "2025-10-05T06:16:48.98Z" },
    { url = "https://files.pythonhosted.org/packages/2e/26/4fe6ec57e9e6610443dea281a246b86438f9f6ea090adee4095ce3096f70/jh2-5.0.10-cp314-cp314t-manylinux_2_17_ppc64le.manylinux2014_ppc64le.whl", hash = "sha256:e0190daf5b65fbf52641ba761d1b895b74abcdb671ca1fb6cd138dd49050cfa8", size = 521170, upload-time = "2025-10-05T06:16:50.274Z" },
    { url = "https://files.pythonhosted.org/packages/d8/87/bbbaf7f146788544c5584142a7a4f5997147d65588ceed4a1ac769b7ab2d/jh2-5.0.10-cp314-cp314t-manylinux_2_17_s390x.manylinux2014_s390x.whl", hash = "sha256:578394d8a9409d540b45138cbecb9d611830ccce6c7f81157c96f2d8d54abd5a", size = 409999, upload-time = "2025-10-05T06:16:51.691Z" },
    { url = "https://files.pythonhosted.org/packages/0d/6f/ff1df3a83daa557e30ce0df48cf789a7faa0521ac56014e38fdd68457e79/jh2-5.0.10-cp314-cp314t-manylinux_2_17_x86_64.manylinux2014_x86_64.whl", hash = "sha256:108143494bba0b1bf5f8cd205f9c659667235e788d3e3f0f454ad8e52f2c8056", size = 386010, upload-time = "2025-10-05T06:16:53.256Z" },
    { url = "https://files.pythonhosted.org/packages/7a/c7/e3ba47b2cc066b99084278fd77828a2689c59e443cdf8089bd3411deb2e7/jh2-5.0.10-cp314-cp314t-manylinux_2_5_i686.manylinux1_i686.whl", hash = "sha256:85631d5b4d0e1eb9f9daacc43e6394efd8c65eb39c7a7e8458f0c3894108003c", size = 404137, upload-time = "2025-10-05T06:16:54.854Z" },
    { url = "https://files.pythonhosted.org/packages/3a/f8/b7ae14f5d3fc0e7c66b20c94d56fcf191cf588e33d0b653da022a31f32de/jh2-5.0.10-cp314-cp314t-musllinux_1_1_aarch64.whl", hash = "sha256:a9aec4760a6545a654f503d709456c1d8afb63b0ee876a1e11090b75f2fd7488", size = 560449, upload-time = "2025-10-05T06:16:56.278Z" },
    { url = "https://files.pythonhosted.org/packages/5b/6b/abc648a4149582733618e117d42e6b64d5f0885c4311b8108e2c2e667afc/jh2-5.0.10-cp314-cp314t-musllinux_1_1_armv7l.whl", hash = "sha256:028227ec9e44fb62e073b71ca391cb1f932c5c7da3981ccafff852df81d2b7f9", size = 653077, upload-time = "2025-10-05T06:16:57.903Z" },
    { url = "https://files.pythonhosted.org/packages/d5/ec/8ccf1a7dbdabba5cdc27220507dd839e9bc36bdd4c2bf990334642ad6b8b/jh2-5.0.10-cp314-cp314t-musllinux_1_1_i686.whl", hash = "sha256:2c2ed55a32735b91a0683c7b995433e39325fdf42c6ffc8e87d56606ac6235bb", size = 580386, upload-time = "2025-10-05T06:16:59.322Z" },
    { url = "https://files.pythonhosted.org/packages/0b/57/50eab697d39b2a4d790355e304c79b3c2ab22f7a4889396155a946b8956a/jh2-5.0.10-cp314-cp314t-musllinux_1_1_x86_64.whl", hash = "sha256:0075415d2a2dfdf3a8ddeaa51cf8d92fb3d7c90fa09cb9752c79ee54e960b9a8", size = 551533, upload-time = "2025-10-05T06:17:00.802Z" },
    { url = "https://files.pythonhosted.org/packages/56/f5/4f73015f4d65f1b3024043a2516062fd3f34846fe88433b3c3a0922ff5fd/jh2-5.0.10-cp314-cp314t-win32.whl", hash = "sha256:a8404e17a3d90c215e67be8a5ccb679eb9cf9bfeeec732521487b65ffaeac4a6", size = 234381, upload-time = "2025-10-05T06:17:02.558Z" },
    { url = "https://files.pythonhosted.org/packages/02/8d/61fcba06faeb9ab7d1ead7e2ef3db07264523f2d2fd463a4d2ec1780103a/jh2-5.0.10-cp314-cp314t-win_amd64.whl", hash = "sha256:5d664450ab1435f6a78c64e076c7ea22ffe779bafceb9c42600cce95ff20f927", size = 241614, upload-time = "2025-10-05T06:17:03.732Z" },
    { url = "https://files.pythonhosted.org/packages/02/67/6641130f5f4f3e9e9254121267b0e7c2423863e8c1a46ee097098e7ede8f/jh2-5.0.10-cp314-cp314t-win_arm64.whl", hash = "sha256:ad6d18301f2162996d679be6759c6a120325b58a196231220b7a809e034280ed", size = 237355, upload-time = "2025-10-05T06:17:04.931Z" },
    { url = "https://files.pythonhosted.org/packages/63/8f/fe337b9104ab3a444a7b20baffc3dd54f3227a44f3037aba2a30bf36fefd/jh2-5.0.10-cp37-abi3-macosx_10_12_x86_64.macosx_11_0_arm64.macosx_10_12_universal2.whl", hash = "sha256:7c2918379cce3352b6d40717ed3d5b06da6e6c17253317302cab2f0dbff62a5d", size = 622842, upload-time = "2025-10-05T06:17:06.121Z" },
    { url = "https://files.pythonhosted.org/packages/63/37/f3c59f62e771755b31b6d1ce9124d4ab40bc3a2206116bfd879a33c1b02f/jh2-5.0.10-cp37-abi3-manylinux_2_17_aarch64.manylinux2014_aarch64.whl", hash = "sha256:bd229bbe7dfdf499394fa8453c92e2ea19de47c80afc1efaec7f85704be97717", size = 385674, upload-time = "2025-10-05T06:17:07.369Z" },
    { url = "https://files.pythonhosted.org/packages/03/9d/719cfd3afab6bb9115f574687fa24ea5731267ee9701439e30e06a45f468/jh2-5.0.10-cp37-abi3-manylinux_2_17_armv7l.manylinux2014_armv7l.whl", hash = "sha256:36e9b5fb9cd8872846d031fae442df1b5c83f4dd29ef1dd1c3f70afd86fe8fc3", size = 396276, upload-time = "2025-10-05T06:17:08.933Z" },
    { url = "https://files.pythonhosted.org/packages/22/63/1f36ff610684f2cb177218c700d3a3f4f87aad4d45a6e3f59feb360812c6/jh2-5.0.10-cp37-abi3-manylinux_2_17_ppc64.manylinux2014_ppc64.whl", hash = "sha256:217af8256551627b9253737a866c05ce5f6c49f171c099260b76915239cfb13a", size = 532742, upload-time = "2025-10-05T06:17:10.396Z" },
    { url = "https://files.pythonhosted.org/packages/59/c5/063fe0b930c0b15e8c0376d9d6cc20dcc3179823e6f456c1a571db1d27c4/jh2-5.0.10-cp37-abi3-manylinux_2_17_ppc64le.manylinux2014_ppc64le.whl", hash = "sha256:e20e3d747c4022d890865fb25f2e8b3ff6cbacf7556f29155dcfbff592d96202", size = 525320, upload-time = "2025-10-05T06:17:12.187Z" },
    { url = "https://files.pythonhosted.org/packages/e8/7a/c1f4a961554f6b521bfc75320264c0bde50210c11a206719e0c98c17e617/jh2-5.0.10-cp37-abi3-manylinux_2_17_s390x.manylinux2014_s390x.whl", hash = "sha256:6ea77b8b6b7defb67cbec69340e653495b36881671e9f0ac395cdd6b27144000", size = 416184, upload-time = "2025-10-05T06:17:13.428Z" },
    { url = "https://files.pythonhosted.org/packages/37/c9/75fdfd2ef673accba9b1ace28ffa2aaced23fba3209ac73521e441ae2265/jh2-5.0.10-cp37-abi3-manylinux_2_17_x86_64.manylinux2014_x86_64.whl", hash = "sha256:3fd6b5b2d4d38e089ac982ea341b36f2cb827c0765217e6b8f3e58a409290e6f", size = 394145, upload-time = "2025-10-05T06:17:14.673Z" },
    { url = "https://files.pythonhosted.org/packages/52/5e/38b1b14182afcebf89d542b7a2e4cd4d7deaf9e4cae0a45b0a85115f0da7/jh2-5.0.10-cp37-abi3-manylinux_2_5_i686.manylinux1_i686.whl", hash = "sha256:4c3d38121a1ddc2ffc769f09aaaa4c7e67f89e25c578921326b515402176e7cf", size = 411333, upload-time = "2025-10-05T06:17:15.913Z" },
    { url = "https://files.pythonhosted.org/packages/a8/04/10383a467f24d2643013f784bca4ddb81dc9d0d81641a846b71bd0aa64e0/jh2-5.0.10-cp37-abi3-musllinux_1_1_aarch64.whl", hash = "sha256:33e4ac058acf8f3f89ea1375deb33ac61713d60fb9e3333bd079f3602425739c", size = 565892, upload-time = "2025-10-05T06:17:17.517Z" },
    { url = "https://files.pythonhosted.org/packages/9d/1a/b416bd65176593b405320bfd763ddc9cae3941fe96c7055ec1c46e081ebd/jh2-5.0.10-cp37-abi3-musllinux_1_1_armv7l.whl", hash = "sha256:86571f18274d7a5a7e6406e156a9f27fa1a72203a176921ea234c4a11fe0e105", size = 659878, upload-time = "2025-10-05T06:17:18.972Z" },
    { url = "https://files.pythonhosted.org/packages/a9/2d/e4c3b90585e92676777e9bcb9218ce97552f0c9797cec142d549904ca67b/jh2-5.0.10-cp37-abi3-musllinux_1_1_i686.whl", hash = "sha256:62f0842b5f8da463b6a548a8c2a7e69fa709888d03c997486390097341e88e09", size = 587129, upload-time = "2025-10-05T06:17:20.669Z" },
    { url = "https://files.pythonhosted.org/packages/98/d5/3e89d65bb6bbcdaa14236e9ec8f643cf77a5809d7315ce1208f0ef53927c/jh2-5.0.10-cp37-abi3-musllinux_1_1_x86_64.whl", hash = "sha256:f3b6401f089a65b87f2e5beffe81666a1c2ab1d90e8406cd49c756d66881bedc", size = 556811, upload-time = "2025-10-05T06:17:22.37Z" },
    { url = "https://files.pythonhosted.org/packages/7d/8c/a05403065463ef759059d75e0862c94aa60d2019a7dcd41d716f6d8d6c32/jh2-5.0.10-cp37-abi3-win32.whl", hash = "sha256:7b79771bd366a11a36041f49cabc7876047cf1b99cee89df1333e6890f66d973", size = 239474, upload-time = "2025-10-05T06:17:23.637Z" },
    { url = "https://files.pythonhosted.org/packages/96/ac/92f97f07f748bdc9280c5d50e787773bef188c29c32f6804f2fc72cca725/jh2-5.0.10-cp37-abi3-win_amd64.whl", hash = "sha256:9c730e3f40f22bd4ff0ab63ee41d70ee22aa1cc54e5cb295ae0ac3b0a016af3e", size = 246320, upload-time = "2025-10-05T06:17:25.313Z" },
    { url = "https://files.pythonhosted.org/packages/f0/ad/e9f4035ddd847efe26914da64f9d54198bf5b0bdcfd0e8bbcf6a328e1f7c/jh2-5.0.10-cp37-abi3-win_arm64.whl", hash = "sha256:d18eccec757374afca8de31bf012a888fb82903d5803e84f2e6f0b707478ced6", size = 241790, upload-time = "2025-10-05T06:17:26.488Z" },
    { url = "https://files.pythonhosted.org/packages/93/57/d0fcb025736e24cb68c4e250cc4cf63a87b7e0bd7285e188c543018d05c1/jh2-5.0.10-py3-none-any.whl", hash = "sha256:1808c0e5d355c60485bb282b34c6aa3f15069b2634eb44779fb9f3bda0256ac0", size = 98099, upload-time = "2025-10-05T06:18:58.203Z" },
]

[[package]]
name = "niquests"
version = "3.15.2"
source = { registry = "https://pypi.org/simple" }
dependencies = [
    { name = "charset-normalizer" },
    { name = "urllib3-future" },
    { name = "wassima" },
]
sdist = { url = "https://files.pythonhosted.org/packages/86/f9/b472d4aae737686c88154bedf6a8939cf8f191e30df0ad904ca6b614b437/niquests-3.15.2.tar.gz", hash = "sha256:8076b1d2ff957022d52b2216ca7df92d92ce426d19a7ed63c7fd4fd630ab6c2b", size = 975234, upload-time = "2025-08-16T14:06:03.755Z" }
wheels = [
    { url = "https://files.pythonhosted.org/packages/1f/71/c82f55feb3197b3c2e0699f3c961d20806a3199b0b15190d4ced13e2ecc1/niquests-3.15.2-py3-none-any.whl", hash = "sha256:2446e3602ba1418434822f5c1fcf8b8d1b52a3c296d2808a1ab7de4cf1312d99", size = 167060, upload-time = "2025-08-16T14:06:01.758Z" },
]

[[package]]
name = "qh3"
version = "1.5.5"
source = { registry = "https://pypi.org/simple" }
sdist = { url = "https://files.pythonhosted.org/packages/b7/00/744587dd7cdb49697e3a92e80dcba08a5a8fceb7bfc7b7c708267749c795/qh3-1.5.5.tar.gz", hash = "sha256:fd9dd4bc435914aaaad63d5212f35d4e3f887de2814b6f9f93b94984deb52179", size = 264998, upload-time = "2025-10-05T05:29:44.986Z" }
wheels = [
    { url = "https://files.pythonhosted.org/packages/6b/bd/81910d2b8baf90e6aff001ece917d38f8efd749d6630bc49c6ab2a294be3/qh3-1.5.5-cp313-cp313t-macosx_10_12_x86_64.macosx_11_0_arm64.macosx_10_12_universal2.whl", hash = "sha256:67dc1332ed84ef81a0f0bce79a464bdc43f4d695bd701dcb275287241d4d6cc5", size = 4455878, upload-time = "2025-10-05T05:26:45.707Z" },
    { url = "https://files.pythonhosted.org/packages/97/31/14b78defcd2fe8a728a5d9e0dcf9923e82c62bd5f6c901a47344e097ec4e/qh3-1.5.5-cp313-cp313t-manylinux_2_17_aarch64.manylinux2014_aarch64.whl", hash = "sha256:3649b42a9e045e6a76e24b9cbeb2c4fff8cb7aca5d899bb9da40f04eec1e5179", size = 2170884, upload-time = "2025-10-05T05:26:47.952Z" },
    { url = "https://files.pythonhosted.org/packages/84/b7/a3f0cef343bceee3854788f9a93803485e20507d2d2c75d0cdbbea172dc4/qh3-1.5.5-cp313-cp313t-manylinux_2_17_armv7l.manylinux2014_armv7l.whl", hash = "sha256:acb18c87ca0b022be3ee40ade88a772233c119032c688805ddbb67996748203d", size = 1898633, upload-time = "2025-10-05T05:26:49.68Z" },
    { url = "https://files.pythonhosted.org/packages/95/07/2ce106184d1cce8986882095f034babeebe7ad139ee867d4e8eefd4fc082/qh3-1.5.5-cp313-cp313t-manylinux_2_17_i686.manylinux2014_i686.whl", hash = "sha256:4c065497e0c66574009db9849dc6f42c1851adc34c459db0b777be6d341a33b6", size = 2042222, upload-time = "2025-10-05T05:26:51.462Z" },
    { url = "https://files.pythonhosted.org/packages/17/9f/4621afa9a3fc3bcf79494c0dfdfd4de68c0197e6f2a8a1390ab553bc2284/qh3-1.5.5-cp313-cp313t-manylinux_2_17_ppc64.manylinux2014_ppc64.whl", hash = "sha256:e7eac59f6fc79db530d9032c91b009de63a11237ba2d7b71d846d260722016d0", size = 2027721, upload-time = "2025-10-05T05:26:53.057Z" },
    { url = "https://files.pythonhosted.org/packages/40/09/9ce9b9551567df1d61ac06daaed4d92713f62256d067562545fdf4ecf814/qh3-1.5.5-cp313-cp313t-manylinux_2_17_ppc64le.manylinux2014_ppc64le.whl", hash = "sha256:566976894044cdde5bb67b73003673c71980429e8a7218d39b048a899b296dc3", size = 2078220, upload-time = "2025-10-05T05:26:54.881Z" },
    { url = "https://files.pythonhosted.org/packages/82/c3/2727bb49fc97575d1b46e63b2ce2c1745d9da94efdd3ce3b2e7b6897e6bb/qh3-1.5.5-cp313-cp313t-manylinux_2_17_s390x.manylinux2014_s390x.whl", hash = "sha256:c47d04ac94aeff1813d9e579786737bec214526f1592553719e9952b3aee626f", size = 2137197, upload-time = "2025-10-05T05:26:56.283Z" },
    { url = "https://files.pythonhosted.org/packages/9f/39/ba61eb17e22a34693f3d4382891e5c0f6efa2851c3cb8440733a6e777e69/qh3-1.5.5-cp313-cp313t-manylinux_2_17_x86_64.manylinux2014_x86_64.whl", hash = "sha256:4757bccfa60b17896b0641d4c9a9f91307f699d4bf06e50fb661cec8da49421c", size = 2368023, upload-time = "2025-10-05T05:26:58.055Z" },
    { url = "https://files.pythonhosted.org/packages/39/d3/b886835f1c6a0644118c55ca8f5f4b33e73e95ffe4c2f2fb5148e0c62fe5/qh3-1.5.5-cp313-cp313t-manylinux_2_39_riscv64.whl", hash = "sha256:0612f911dc6e1f8bdb198b41f71ce8f581cdfa08e801b8a37095866fbca26139", size = 2034699, upload-time = "2025-10-05T05:26:59.462Z" },
    { url = "https://files.pythonhosted.org/packages/e9/bb/7a15b7577f291d8b80a7d8c7b0b119f6eee2ba8df27a29713fcff0a3fe44/qh3-1.5.5-cp313-cp313t-musllinux_1_1_aarch64.whl", hash = "sha256:8cfb34037a4cee69784504f9fb93b8b76f74bb25e1bbe8ff8d17bfc2a67b07ff", size = 2366958, upload-time = "2025-10-05T05:27:00.896Z" },
    { url = "https://files.pythonhosted.org/packages/dc/e2/66962f04e3c181c700e952e67c0f4632c5280465dd20ae2380615b52ec3c/qh3-1.5.5-cp313-cp313t-musllinux_1_1_armv7l.whl", hash = "sha256:004b4ce49daa2f4c22ac89658732a10e5ecf652f221ebf5ce879d954a03c5b82", size = 2136303, upload-time = "2025-10-05T05:27:02.427Z" },
    { url = "https://files.pythonhosted.org/packages/b1/18/a724cb2e74e0475ceb5ca27fde2512faec3b64bbe8e17b7d665b515f98e3/qh3-1.5.5-cp313-cp313t-musllinux_1_1_i686.whl", hash = "sha256:bc571a41a8e8c71708a90005eea3eafa31cd9cf38bfd20eae54d0a097ed038f0", size = 2166419, upload-time = "2025-10-05T05:27:03.803Z" },
    { url = "https://files.pythonhosted.org/packages/28/45/f497eb4d9ed6bd699982a2cb8279cbf1651dc6d4c707dc9f5518a74b6203/qh3-1.5.5-cp313-cp313t-musllinux_1_1_x86_64.whl", hash = "sha256:7cf106b2da4755f19e6e289710714fc254cf926c6b481346b9ab6fa1bde62c5a", size = 2538329, upload-time = "2025-10-05T05:27:05.12Z" },
    { url = "https://files.pythonhosted.org/packages/23/82/6444c40464179ff6dc471953ec9a980ab39e283eb8d0c3b8170581c836c9/qh3-1.5.5-cp313-cp313t-win32.whl", hash = "sha256:18a53167a439301ed080d08c46d136777ecfea7f38cce9efe7fb44799cd1d14b", size = 1740241, upload-time = "2025-10-05T05:27:06.752Z" },
    { url = "https://files.pythonhosted.org/packages/da/2e/ac49c03278dc789629fcb46c5d33966213c51e286346401a621eda389c48/qh3-1.5.5-cp313-cp313t-win_amd64.whl", hash = "sha256:b2c2c82ca77f269c9a78fbc50affb831cfbc7f683a76092562331b9bc529cdb9", size = 1985679, upload-time = "2025-10-05T05:27:08.606Z" },
    { url = "https://files.pythonhosted.org/packages/f2/6f/1d6832d11a8b9fb0448a3b9178a0b8fc6e16b7f62c1cb6526916223704f0/qh3-1.5.5-cp313-cp313t-win_arm64.whl", hash = "sha256:91f34b49658cd59aa92956b4fe1a81b9368cad32a64f86cb2c90f8f8774bb9f2", size = 1817235, upload-time = "2025-10-05T05:27:09.963Z" },
    { url = "https://files.pythonhosted.org/packages/59/5c/a1e3c7e6c8af4a844b7a7db6c57e7cb260bc1640880efdf90b085e72657f/qh3-1.5.5-cp314-cp314t-macosx_10_12_x86_64.macosx_11_0_arm64.macosx_10_12_universal2.whl", hash = "sha256:426e064d29da0f729c0d2b2f678c32d95ac61baa5b2b2760b8c2a8f465d8755a", size = 4457994, upload-time = "2025-10-05T05:27:11.358Z" },
    { url = "https://files.pythonhosted.org/packages/6f/e2/11588fe9509f8b4d05a589bb9876459eaa07ad91bc445f51a8f68b4d0bbb/qh3-1.5.5-cp314-cp314t-manylinux_2_17_aarch64.manylinux2014_aarch64.whl", hash = "sha256:06c2f6d20163637c52ce3acdc6d26b0db563d64dd0881d7c7a2c06cbfbf20cab", size = 2171444, upload-time = "2025-10-05T05:27:13.137Z" },
    { url = "https://files.pythonhosted.org/packages/7d/65/2bf56675919bba1c12375f1b28ae4f1b9e8be1c7836b1bf71a899b0874b1/qh3-1.5.5-cp314-cp314t-manylinux_2_17_armv7l.manylinux2014_armv7l.whl", hash = "sha256:ac5542c58a86110a9fa18540546055d08da631e9d6a67bad278f9d51e04b3122", size = 1897669, upload-time = "2025-10-05T05:27:14.852Z" },
    { url = "https://files.pythonhosted.org/packages/16/b9/9ea77e27b89b5eb0c4513a9227631fcd5251b92a00b48ebf9ae1b1306a02/qh3-1.5.5-cp314-cp314t-manylinux_2_17_i686.manylinux2014_i686.whl", hash = "sha256:93e7c91391d3e237902f544cf47fb83c168f6b4c1c3f84c20ab580a93d2994ac", size = 2041487, upload-time = "2025-10-05T05:27:16.226Z" },
    { url = "https://files.pythonhosted.org/packages/17/dd/124da6b9a20da5241a94a5d9f8c73fac5d2e5aa4d40451dd6d1cf8ea9d22/qh3-1.5.5-cp314-cp314t-manylinux_2_17_ppc64.manylinux2014_ppc64.whl", hash = "sha256:84f4fcc3d01f0d147439eed98a38db776d11563ef8a42095f2a7ac272be9a79a", size = 2028712, upload-time = "2025-10-05T05:27:18.05Z" },
    { url = "https://files.pythonhosted.org/packages/3b/8f/74c9786662c17a8cd6a125b8b5751fc4b36231c136163320781b889cdee7/qh3-1.5.5-cp314-cp314t-manylinux_2_17_ppc64le.manylinux2014_ppc64le.whl", hash = "sha256:c06ff7c40da5459ac5aed99e690a5682689f19671ae87e42b67300132801db24", size = 2078974, upload-time = "2025-10-05T05:27:19.919Z" },
    { url = "https://files.pythonhosted.org/packages/04/88/f369da0518c3e363ad34cf2f9da2a3582aa2c5eb1553f55ea7a954f2c565/qh3-1.5.5-cp314-cp314t-manylinux_2_17_s390x.manylinux2014_s390x.whl", hash = "sha256:9b556dba61d31f4715e04aae9c0d89233871ec9f3a0ce1ca7368cc6cb6b92b50", size = 2137894, upload-time = "2025-10-05T05:27:21.362Z" },
    { url = "https://files.pythonhosted.org/packages/6c/46/2b5a3fd354d838d8903e1da3435be0de85ebf08770746d9df45987c4ddbd/qh3-1.5.5-cp314-cp314t-manylinux_2_17_x86_64.manylinux2014_x86_64.whl", hash = "sha256:4a77dd6e8c2fd6c00f8d2500768f45edddeebe71c0ee3063f7fdcdfcd57bdaa1", size = 2368569, upload-time = "2025-10-05T05:27:22.667Z" },
    { url = "https://files.pythonhosted.org/packages/92/86/ad286b68fb36256bded93329ffc47c8c278c27cc020fcbe711e1fff65fc0/qh3-1.5.5-cp314-cp314t-manylinux_2_39_riscv64.whl", hash = "sha256:b8cb6a493eb0197970e19aeba52de21002221e8b33daba42e5fee47b50db50d2", size = 2035673, upload-time = "2025-10-05T05:27:24.461Z" },
    { url = "https://files.pythonhosted.org/packages/2e/9f/298ac4d07c41060142b929b5541fde84583bae001e4edfdcf691de7613bf/qh3-1.5.5-cp314-cp314t-musllinux_1_1_aarch64.whl", hash = "sha256:757be08c725e79f8c35a3896d7e13297be7c80105112d06981aca460b4ff8da5", size = 2367563, upload-time = "2025-10-05T05:27:26.645Z" },
    { url = "https://files.pythonhosted.org/packages/cf/b3/31661238d6e4f242f7b7add21d7566936c731f28c9662ff69afda8eea64d/qh3-1.5.5-cp314-cp314t-musllinux_1_1_armv7l.whl", hash = "sha256:65184645f6d1834c5fdc2130c905a93fc962fe00d301233534c90fe95e8e3489", size = 2135573, upload-time = "2025-10-05T05:27:28.072Z" },
    { url = "https://files.pythonhosted.org/packages/ab/7a/d8ebbe8650420d590b5475d8c8c1459864069ef6de105db3440c4033c3f2/qh3-1.5.5-cp314-cp314t-musllinux_1_1_i686.whl", hash = "sha256:d2221852355688b7fce5b330d2b76f987352aab5e29594b3084235a8a1621bef", size = 2166006, upload-time = "2025-10-05T05:27:29.481Z" },
    { url = "https://files.pythonhosted.org/packages/05/b1/3181b70fdfe0d09dc16e24ca4b684019d668760fe7927ee33fa372814d39/qh3-1.5.5-cp314-cp314t-musllinux_1_1_x86_64.whl", hash = "sha256:e85d6653b001122ace5e5ddd5ce6d689e30d933be844d06b5a3fc97adb093f1c", size = 2538876, upload-time = "2025-10-05T05:27:30.902Z" },
    { url = "https://files.pythonhosted.org/packages/2f/22/7c8e40790bd992c81b1181d8af899abd789fb0bb3c9b773da9d53fc19826/qh3-1.5.5-cp314-cp314t-win32.whl", hash = "sha256:ac90715f666d0447a531f865808a519b953c71d29d82f31d47b50b3da18fdfba", size = 1740486, upload-time = "2025-10-05T05:27:32.676Z" },
    { url = "https://files.pythonhosted.org/packages/7a/c5/9cf3ce969172696c1ea001bc88a73c6b462d01a820057014ef019e3112f7/qh3-1.5.5-cp314-cp314t-win_amd64.whl", hash = "sha256:bf8c2f47b4fa0261e607c4fac9c45c629b53f3b256a4871eede84be39f8deab5", size = 1985804, upload-time = "2025-10-05T05:27:34.039Z" },
    { url = "https://files.pythonhosted.org/packages/18/da/fe53a3873742802bb47354c85527952f1825b407bc141853a129aed0584f/qh3-1.5.5-cp37-abi3-macosx_10_12_x86_64.macosx_11_0_arm64.macosx_10_12_universal2.whl", hash = "sha256:8f81d0914dd012ff4d24298e49dd0db98d26341d3ed18f6beb0cbbad9bfc8d07", size = 4466341, upload-time = "2025-10-05T05:27:35.857Z" },
    { url = "https://files.pythonhosted.org/packages/19/a7/938274eb4d2cff09b552956e5382b91a6e3c9bc57e7346f9accc643754d9/qh3-1.5.5-cp37-abi3-manylinux_2_17_aarch64.manylinux2014_aarch64.whl", hash = "sha256:04075474a1e41547826c73dbe4fce416ba24a936e3acdb6652a157b7a9cf3acb", size = 2174771, upload-time = "2025-10-05T05:27:37.28Z" },
    { url = "https://files.pythonhosted.org/packages/c1/50/f7f0aab6274e0166eb0d3383bbccae3d780b58dfa24ce8f392cbe834c495/qh3-1.5.5-cp37-abi3-manylinux_2_17_armv7l.manylinux2014_armv7l.whl", hash = "sha256:2f960db0737ffda735e6d90eae2401d72e83cfae6b35e46ca3812550c1609a05", size = 1900303, upload-time = "2025-10-05T05:27:38.57Z" },
    { url = "https://files.pythonhosted.org/packages/55/da/0fd14c41806803b06e4ea1da9a5e81212b9b98ac78da7279a27e10a75b45/qh3-1.5.5-cp37-abi3-manylinux_2_17_i686.manylinux2014_i686.whl", hash = "sha256:684bcb3529072f66f13b1e79badde27380d3eb79e90cda91475d3194201e2487", size = 2043664, upload-time = "2025-10-05T05:27:39.923Z" },
    { url = "https://files.pythonhosted.org/packages/11/6d/da3b9d7ba87e7abb15ede4db365e965b48ff6a8544dac7d5c37c819e0e64/qh3-1.5.5-cp37-abi3-manylinux_2_17_ppc64.manylinux2014_ppc64.whl", hash = "sha256:34c979d79ee7d8a7d976b35c77f4dd87a4ccbf87fd826cb0620daa4677a88e50", size = 2033662, upload-time = "2025-10-05T05:27:41.282Z" },
    { url = "https://files.pythonhosted.org/packages/98/bc/f8d63fdb75491ae51159a1acc9720bf90e331c98a68cc8c803c5c2a21aa1/qh3-1.5.5-cp37-abi3-manylinux_2_17_ppc64le.manylinux2014_ppc64le.whl", hash = "sha256:10ec96556dc5555e676071e74a2d6a49ddedbc4c2c6ca086e097d016d9c192a5", size = 2083249, upload-time = "2025-10-05T05:27:43.482Z" },
    { url = "https://files.pythonhosted.org/packages/6b/02/dba1805fb9daec17de31a074ad889db918d997c9a4f0985ae4567fadefcb/qh3-1.5.5-cp37-abi3-manylinux_2_17_s390x.manylinux2014_s390x.whl", hash = "sha256:23b8c715e8a97601362c898f6044da808e637eadcabf3c5bc38da76a6a614095", size = 2146545, upload-time = "2025-10-05T05:27:44.983Z" },
    { url = "https://files.pythonhosted.org/packages/ca/85/5c73df2e591d07614afa11946546de5b3ab7dfc6e812002a0976c4e84637/qh3-1.5.5-cp37-abi3-manylinux_2_17_x86_64.manylinux2014_x86_64.whl", hash = "sha256:5430339f13e2fc320e77c10cb34103a3f2d4260638446fa9cbdbfe0401b261ad", size = 2371444, upload-time = "2025-10-05T05:27:46.543Z" },
    { url = "https://files.pythonhosted.org/packages/9e/bc/929d04207ef5fd2ede191ddce99f1ee15e60f9f5e64f9cebfff04fac8191/qh3-1.5.5-cp37-abi3-manylinux_2_39_riscv64.whl", hash = "sha256:0e0597da5e167d5e59dff37b6b8874fe7822ebb2572d05e5cab9470f90d1a9a8", size = 2042056, upload-time = "2025-10-05T05:27:48.035Z" },
    { url = "https://files.pythonhosted.org/packages/aa/9a/5c4aa76917c23326871ab2eaaa64df5d09d66b8993885b89a7771de9b5b7/qh3-1.5.5-cp37-abi3-musllinux_1_1_aarch64.whl", hash = "sha256:1187a2b862c05eb3fe251f5af9bf9b8d079179f70f411875f25292ade39390a8", size = 2371292, upload-time = "2025-10-05T05:27:49.688Z" },
    { url = "https://files.pythonhosted.org/packages/6c/a4/117d1dcd84dfd0ecbfaad0be153e611d841c96a7f8d56fa574add5e079ab/qh3-1.5.5-cp37-abi3-musllinux_1_1_armv7l.whl", hash = "sha256:4f6b48c8b481104c355b4d840723ce10f2cdf2000d57523223489e598c75d247", size = 2137998, upload-time = "2025-10-05T05:27:51.513Z" },
    { url = "https://files.pythonhosted.org/packages/67/51/de5cff8e72b05f7d12ce870c144c37f6447aee99e84c0dbc68356b04ca40/qh3-1.5.5-cp37-abi3-musllinux_1_1_i686.whl", hash = "sha256:9bd537ec4189fff640f68a82b377351b26fd46183215881b26a326d89859a54d", size = 2168915, upload-time = "2025-10-05T05:27:52.918Z" },
    { url = "https://files.pythonhosted.org/packages/5f/f7/2b40692de40a5f186f817bb2de82b2e8f639f6c55079df115ecc57a53785/qh3-1.5.5-cp37-abi3-musllinux_1_1_x86_64.whl", hash = "sha256:eff41202b40b7b525d24fb956ba6be4f8ad6a56e4c4dca7ca5235c26957152b0", size = 2541403, upload-time = "2025-10-05T05:27:54.733Z" },
    { url = "https://files.pythonhosted.org/packages/4a/81/fd2a71e7d41db1bad6a4d5c2c4fc6223c120c6ff4a8d1a9bc3c018d5d948/qh3-1.5.5-cp37-abi3-win32.whl", hash = "sha256:3ee29d8e987cbdd89f7c8f4975161c571d9b0807aebad1b131e1efbbaef0018f", size = 1739680, upload-time = "2025-10-05T05:27:56.243Z" },
    { url = "https://files.pythonhosted.org/packages/69/53/f7367cf3d6a71f505c561f3473dd27acf3a907a00da6c15f2fa2278fd131/qh3-1.5.5-cp37-abi3-win_amd64.whl", hash = "sha256:71e6891e194707aad4ab8e530b961d08ddba297bd452162abd43f62dede3fdc3", size = 1985516, upload-time = "2025-10-05T05:27:57.662Z" },
]

[[package]]
name = "urllib3-future"
version = "2.14.904"
source = { registry = "https://pypi.org/simple" }
dependencies = [
    { name = "h11" },
    { name = "jh2" },
    { name = "qh3", marker = "(platform_machine == 'AMD64' and platform_python_implementation == 'CPython' and sys_platform == 'darwin') or (platform_machine == 'ARM64' and platform_python_implementation == 'CPython' and sys_platform == 'darwin') or (platform_machine == 'aarch64' and platform_python_implementation == 'CPython' and sys_platform == 'darwin') or (platform_machine == 'arm64' and platform_python_implementation == 'CPython' and sys_platform == 'darwin') or (platform_machine == 'armv7l' and platform_python_implementation == 'CPython' and sys_platform == 'darwin') or (platform_machine == 'i686' and platform_python_implementation == 'CPython' and sys_platform == 'darwin') or (platform_machine == 'ppc64' and platform_python_implementation == 'CPython' and sys_platform == 'darwin') or (platform_machine == 'ppc64le' and platform_python_implementation == 'CPython' and sys_platform == 'darwin') or (platform_machine == 'riscv64' and platform_python_implementation == 'CPython' and sys_platform == 'darwin') or (platform_machine == 'riscv64gc' and platform_python_implementation == 'CPython' and sys_platform == 'darwin') or (platform_machine == 's390x' and platform_python_implementation == 'CPython' and sys_platform == 'darwin') or (platform_machine == 'x86' and platform_python_implementation == 'CPython' and sys_platform == 'darwin') or (platform_machine == 'x86_64' and platform_python_implementation == 'CPython' and sys_platform == 'darwin') or (platform_machine == 'AMD64' and platform_python_implementation == 'CPython' and sys_platform == 'linux') or (platform_machine == 'ARM64' and platform_python_implementation == 'CPython' and sys_platform == 'linux') or (platform_machine == 'aarch64' and platform_python_implementation == 'CPython' and sys_platform == 'linux') or (platform_machine == 'arm64' and platform_python_implementation == 'CPython' and sys_platform == 'linux') or (platform_machine == 'armv7l' and platform_python_implementation == 'CPython' and sys_platform == 'linux') or (platform_machine == 'i686' and platform_python_implementation == 'CPython' and sys_platform == 'linux') or (platform_machine == 'ppc64' and platform_python_implementation == 'CPython' and sys_platform == 'linux') or (platform_machine == 'ppc64le' and platform_python_implementation == 'CPython' and sys_platform == 'linux') or (platform_machine == 'riscv64' and platform_python_implementation == 'CPython' and sys_platform == 'linux') or (platform_machine == 'riscv64gc' and platform_python_implementation == 'CPython' and sys_platform == 'linux') or (platform_machine == 's390x' and platform_python_implementation == 'CPython' and sys_platform == 'linux') or (platform_machine == 'x86' and platform_python_implementation == 'CPython' and sys_platform == 'linux') or (platform_machine == 'x86_64' and platform_python_implementation == 'CPython' and sys_platform == 'linux') or (platform_machine == 'AMD64' and platform_python_implementation == 'CPython' and sys_platform == 'win32') or (platform_machine == 'ARM64' and platform_python_implementation == 'CPython' and sys_platform == 'win32') or (platform_machine == 'aarch64' and platform_python_implementation == 'CPython' and sys_platform == 'win32') or (platform_machine == 'arm64' and platform_python_implementation == 'CPython' and sys_platform == 'win32') or (platform_machine == 'armv7l' and platform_python_implementation == 'CPython' and sys_platform == 'win32') or (platform_machine == 'i686' and platform_python_implementation == 'CPython' and sys_platform == 'win32') or (platform_machine == 'ppc64' and platform_python_implementation == 'CPython' and sys_platform == 'win32') or (platform_machine == 'ppc64le' and platform_python_implementation == 'CPython' and sys_platform == 'win32') or (platform_machine == 'riscv64' and platform_python_implementation == 'CPython' and sys_platform == 'win32') or (platform_machine == 'riscv64gc' and platform_python_implementation == 'CPython' and sys_platform == 'win32') or (platform_machine == 's390x' and platform_python_implementation == 'CPython' and sys_platform == 'win32') or (platform_machine == 'x86' and platform_python_implementation == 'CPython' and sys_platform == 'win32') or (platform_machine == 'x86_64' and platform_python_implementation == 'CPython' and sys_platform == 'win32')" },
]
sdist = { url = "https://files.pythonhosted.org/packages/28/a1/8cbbdf56659389c6e494dde92af0873a1f26f2caf17c972a8f464eff9947/urllib3_future-2.14.904.tar.gz", hash = "sha256:5338b13e134dfd27f87e489cdfc3b29a6ea6b78d6c3f7a52fbef417916592189", size = 1110052, upload-time = "2025-10-12T06:59:37.442Z" }
wheels = [
    { url = "https://files.pythonhosted.org/packages/6e/78/fc80978138c02e678edba1445d752fd826fa72761e27cbab9ff65915d043/urllib3_future-2.14.904-py3-none-any.whl", hash = "sha256:4cd0c0ca09dfb9f4a8320444c6c48b70705f6c4ac38e8dd4ff1905c98c244095", size = 681902, upload-time = "2025-10-12T06:59:35.324Z" },
]

[[package]]
name = "wassima"
version = "2.0.2"
source = { registry = "https://pypi.org/simple" }
sdist = { url = "https://files.pythonhosted.org/packages/e1/1c/47fa7d26f64b952aaa90e9b0256e6db86a81f33241c1742558766d547c80/wassima-2.0.2.tar.gz", hash = "sha256:45de4ddf2a99e9277cc33616b3b34eee7dfcaaf5059b6e8c19ca62a6c5a65fbf", size = 150476, upload-time = "2025-10-05T05:27:26.593Z" }
wheels = [
    { url = "https://files.pythonhosted.org/packages/ff/db/e73493de23e9ac182997e14f3f0ff694a42f5696268668691665e7d1405c/wassima-2.0.2-py3-none-any.whl", hash = "sha256:54396882c0a210e404bb11740d47d66a35a6d68dde073a381c57d6e112cc245a", size = 145807, upload-time = "2025-10-05T05:27:25.041Z" },
]
